version = 1
revision = 3
requires-python = ">=3.13"

[[package]]
name = "distributed-systems-utfpr"
version = "0.1.0"
source = { virtual = "." }
dependencies = [
    { name = "pyro5" },
]

[package.metadata]
requires-dist = [{ name = "pyro5", specifier = ">=5.16" }]

[[package]]
name = "pyro5"
version = "5.16"
source = { registry = "https://pypi.org/simple" }
dependencies = [
    { name = "serpent" },
]
sdist = { url = "https://files.pythonhosted.org/packages/6e/ab/38d7adb02f735f409e6af78951630f887590a885b2583c83cfe93a60b576/pyro5-5.16.tar.gz", hash = "sha256:d40418ed2acee0d9093daf5023ed0b0cb485a6b62342934adb9e801956f5738b", size = 448592, upload-time = "2025-12-21T18:33:58.552Z" }
wheels = [
    { url = "https://files.pythonhosted.org/packages/75/4d/7713c06c1a9eaa35142e232e89da5300cac09156977204c730b28f37eaec/pyro5-5.16-py3-none-any.whl", hash = "sha256:ea33cad29993fd44ce394ef45950e8dc5805ee12c4dd76541a8dd11c40694706", size = 79294, upload-time = "2025-12-21T18:33:57.096Z" },
]

[[package]]
name = "serpent"
version = "1.42"
source = { registry = "https://pypi.org/simple" }
sdist = { url = "https://files.pythonhosted.org/packages/06/3c/7ecf39b48121cb6490634bfcb1b1c5cac7d7a216805d889b0676a2e8493f/serpent-1.42.tar.gz", hash = "sha256:8ea082b01f8ba07ecd74e34a9118ac4521bc4594938d912b808c89f1da425506", size = 90352, upload-time = "2025-10-26T21:58:13.871Z" }
wheels = [
    { url = "https://files.pythonhosted.org/packages/07/24/73031e6bd25d8f94811b3752b0b217efbdb20a67b65c6838c9af4e50c2e2/serpent-1.42-py3-none-any.whl", hash = "sha256:a02f5a4fcf3b41ee6204b36c3cf026bf0433ffe15b6a7fc8a37e0bff74d87575", size = 9663, upload-time = "2025-10-26T21:58:12.565Z" },
]
